
Microsoft Visual Studio Solution File, Format Version 12.00
# Visual Studio 15
VisualStudioVersion = 15.0.28307.168
MinimumVisualStudioVersion = 10.0.40219.1
Project("{9A19103F-16F7-4668-BE54-9A1E7A4F7556}") = "SportsStore", "SportsStore.csproj", "{072F95D5-F309-4737-B7EF-63E38B7A662F}"
EndProject
Global
	GlobalSection(SolutionConfigurationPlatforms) = preSolution
		Debug|Any CPU = Debug|Any CPU
		Release|Any CPU = Release|Any CPU
	EndGlobalSection
	GlobalSection(ProjectConfigurationPlatforms) = postSolution
		{072F95D5-F309-4737-B7EF-63E38B7A662F}.Debug|Any CPU.ActiveCfg = Debug|Any CPU
		{072F95D5-F309-4737-B7EF-63E38B7A662F}.Debug|Any CPU.Build.0 = Debug|Any CPU
		{072F95D5-F309-4737-B7EF-63E38B7A662F}.Release|Any CPU.ActiveCfg = Release|Any CPU
		{072F95D5-F309-4737-B7EF-63E38B7A662F}.Release|Any CPU.Build.0 = Release|Any CPU
	EndGlobalSection
	GlobalSection(SolutionProperties) = preSolution
		HideSolutionNode = FALSE
	EndGlobalSection
	GlobalSection(ExtensibilityGlobals) = postSolution
		SolutionGuid = {8D5DA036-4A8B-42C9-8023-54BE70B54064}
	EndGlobalSection
EndGlobal
