{
  "name": "lianxi",
  "version": "1.0.0",
  "lockfileVersion": 1,
  "requires": true,
  "dependencies": {
    "office-converter": {
      "version": "1.0.2",
      "resolved": "https://registry.npmjs.org/office-converter/-/office-converter-1.0.2.tgz",
      "integrity": "sha1-Aieu42sXDpp9ACrTVxyvKneY9a0="
    }
  }
}
